{
  "name": "slurm-charms",
  "version": "1.0.0",
  "lockfileVersion": 2,
  "requires": true,
  "packages": {
    "": {
      "name": "slurm-charms",
      "version": "1.0.0",
      "license": "MIT",
      "dependencies": {
        "bats-assert": "^2.0.0",
        "bats-support": "^0.3.0"
      }
    },
    "node_modules/bats-assert": {
      "version": "2.0.0",
      "resolved": "https://registry.npmjs.org/bats-assert/-/bats-assert-2.0.0.tgz",
      "integrity": "sha512-qO3kNilWxW8iCONu9NDUfvsCiC6JzL6DPOc/DGq9z3bZ9/A7wURJ+FnFMxGbofOmWbCoy7pVhofn0o47A95qkQ==",
      "peerDependencies": {
        "bats-support": "git+https://github.com/ztombol/bats-support.git#v0.2.0"
      }
    },
    "node_modules/bats-support": {
      "version": "0.3.0",
      "resolved": "https://registry.npmjs.org/bats-support/-/bats-support-0.3.0.tgz",
      "integrity": "sha512-z+2WzXbI4OZgLnynydqH8GpI3+DcOtepO66PlK47SfEzTkiuV9hxn9eIQX+uLVFbt2Oqoc7Ky3TJ/N83lqD+cg==",
      "peerDependencies": {
        "bats": "0.4 || ^1"
      }
    }
  },
  "dependencies": {
    "bats-assert": {
      "version": "2.0.0",
      "resolved": "https://registry.npmjs.org/bats-assert/-/bats-assert-2.0.0.tgz",
      "integrity": "sha512-qO3kNilWxW8iCONu9NDUfvsCiC6JzL6DPOc/DGq9z3bZ9/A7wURJ+FnFMxGbofOmWbCoy7pVhofn0o47A95qkQ==",
      "requires": {}
    },
    "bats-support": {
      "version": "0.3.0",
      "resolved": "https://registry.npmjs.org/bats-support/-/bats-support-0.3.0.tgz",
      "integrity": "sha512-z+2WzXbI4OZgLnynydqH8GpI3+DcOtepO66PlK47SfEzTkiuV9hxn9eIQX+uLVFbt2Oqoc7Ky3TJ/N83lqD+cg==",
      "requires": {}
    }
  }
}
